
Microsoft Visual Studio Solution File, Format Version 12.00
# Visual Studio Version 17
VisualStudioVersion = 17.1.32319.34
MinimumVisualStudioVersion = 10.0.40219.1
Project("{9A19103F-16F7-4668-BE54-9A1E7A4F7556}") = "FirstMeeting", "FirstMeeting.csproj", "{2B11F0F6-D2C8-40AC-BFFF-1B63D7400012}"
EndProject
Global
	GlobalSection(SolutionConfigurationPlatforms) = preSolution
		Debug|Any CPU = Debug|Any CPU
		Release|Any CPU = Release|Any CPU
	EndGlobalSection
	GlobalSection(ProjectConfigurationPlatforms) = postSolution
		{2B11F0F6-D2C8-40AC-BFFF-1B63D7400012}.Debug|Any CPU.ActiveCfg = Debug|Any CPU
		{2B11F0F6-D2C8-40AC-BFFF-1B63D7400012}.Debug|Any CPU.Build.0 = Debug|Any CPU
		{2B11F0F6-D2C8-40AC-BFFF-1B63D7400012}.Release|Any CPU.ActiveCfg = Release|Any CPU
		{2B11F0F6-D2C8-40AC-BFFF-1B63D7400012}.Release|Any CPU.Build.0 = Release|Any CPU
	EndGlobalSection
	GlobalSection(SolutionProperties) = preSolution
		HideSolutionNode = FALSE
	EndGlobalSection
	GlobalSection(ExtensibilityGlobals) = postSolution
		SolutionGuid = {1F03A550-B2BF-4D3A-8E3C-1052C0C6E77C}
	EndGlobalSection
EndGlobal
